
Microsoft Visual Studio Solution File, Format Version 12.00
# Visual Studio Version 16
VisualStudioVersion = 16.0.29806.167
MinimumVisualStudioVersion = 10.0.40219.1
Project("{FAE04EC0-301F-11D3-BF4B-00C04F79EFBC}") = "UI", "Modbus.UI\UI.csproj", "{91F340C0-084D-4976-802C-6085DD3ECA4D}"
EndProject
Project("{9A19103F-16F7-4668-BE54-9A1E7A4F7556}") = "NModbus", "NModbus\NModbus\NModbus.csproj", "{3517FFCA-9D37-4C05-8F7E-558E22A5372F}"
EndProject
Project("{9A19103F-16F7-4668-BE54-9A1E7A4F7556}") = "NModbus.Serial", "NModbus\NModbus.Serial\NModbus.Serial.csproj", "{8A972CD6-9C68-41AB-ACF9-8FC881B39DA1}"
EndProject
Global
	GlobalSection(SolutionConfigurationPlatforms) = preSolution
		Debug|Any CPU = Debug|Any CPU
		Release|Any CPU = Release|Any CPU
	EndGlobalSection
	GlobalSection(ProjectConfigurationPlatforms) = postSolution
		{91F340C0-084D-4976-802C-6085DD3ECA4D}.Debug|Any CPU.ActiveCfg = Debug|Any CPU
		{91F340C0-084D-4976-802C-6085DD3ECA4D}.Debug|Any CPU.Build.0 = Debug|Any CPU
		{91F340C0-084D-4976-802C-6085DD3ECA4D}.Release|Any CPU.ActiveCfg = Release|Any CPU
		{91F340C0-084D-4976-802C-6085DD3ECA4D}.Release|Any CPU.Build.0 = Release|Any CPU
		{3517FFCA-9D37-4C05-8F7E-558E22A5372F}.Debug|Any CPU.ActiveCfg = Debug|Any CPU
		{3517FFCA-9D37-4C05-8F7E-558E22A5372F}.Debug|Any CPU.Build.0 = Debug|Any CPU
		{3517FFCA-9D37-4C05-8F7E-558E22A5372F}.Release|Any CPU.ActiveCfg = Release|Any CPU
		{3517FFCA-9D37-4C05-8F7E-558E22A5372F}.Release|Any CPU.Build.0 = Release|Any CPU
		{8A972CD6-9C68-41AB-ACF9-8FC881B39DA1}.Debug|Any CPU.ActiveCfg = Debug|Any CPU
		{8A972CD6-9C68-41AB-ACF9-8FC881B39DA1}.Debug|Any CPU.Build.0 = Debug|Any CPU
		{8A972CD6-9C68-41AB-ACF9-8FC881B39DA1}.Release|Any CPU.ActiveCfg = Release|Any CPU
		{8A972CD6-9C68-41AB-ACF9-8FC881B39DA1}.Release|Any CPU.Build.0 = Release|Any CPU
	EndGlobalSection
	GlobalSection(SolutionProperties) = preSolution
		HideSolutionNode = FALSE
	EndGlobalSection
	GlobalSection(ExtensibilityGlobals) = postSolution
		SolutionGuid = {4E09B4F5-0C0B-4E02-9F40-632074B36331}
	EndGlobalSection
EndGlobal
